
Microsoft Visual Studio Solution File, Format Version 12.00
# Visual Studio Version 17
VisualStudioVersion = 17.0.31903.59
MinimumVisualStudioVersion = 10.0.40219.1
Project("{FAE04EC0-301F-11D3-BF4B-00C04F79EFBC}") = "ArcaneDuel", "ArcaneDuel.csproj", "{B4F76ABD-E394-46A5-8BD9-3AB1A413295D}"
EndProject
Global
	GlobalSection(SolutionConfigurationPlatforms) = preSolution
		Debug|Any CPU = Debug|Any CPU
		Release|Any CPU = Release|Any CPU
	EndGlobalSection
	GlobalSection(SolutionProperties) = preSolution
		HideSolutionNode = FALSE
	EndGlobalSection
	GlobalSection(ProjectConfigurationPlatforms) = postSolution
		{B4F76ABD-E394-46A5-8BD9-3AB1A413295D}.Debug|Any CPU.ActiveCfg = Debug|Any CPU
		{B4F76ABD-E394-46A5-8BD9-3AB1A413295D}.Debug|Any CPU.Build.0 = Debug|Any CPU
		{B4F76ABD-E394-46A5-8BD9-3AB1A413295D}.Release|Any CPU.ActiveCfg = Debug|Any CPU
		{B4F76ABD-E394-46A5-8BD9-3AB1A413295D}.Release|Any CPU.Build.0 = Debug|Any CPU
	EndGlobalSection
EndGlobal
